// !$*UTF8*$!
{
	archiveVersion = 1;
	classes = {
	};
	objectVersion = 46;
	objects = {

/* Begin PBXBuildFile section */
		D8CF3C961B0109430007F03C /* main.c in Sources */ = {isa = PBXBuildFile; fileRef = D8CF3C951B0109430007F03C /* main.c */; };
/* End PBXBuildFile section */

/* Begin PBXCopyFilesBuildPhase section */
		D8CF3C901B0109430007F03C /* CopyFiles */ = {
			isa = PBXCopyFilesBuildPhase;
			buildActionMask = 2147483647;
			dstPath = /usr/share/man/man1/;
			dstSubfolderSpec = 0;
			files = (
			);
			runOnlyForDeploymentPostprocessing = 1;
		};
/* End PBXCopyFilesBuildPhase section */

/* Begin PBXFileReference section */
		D8CF3C921B0109430007F03C /* Network and Security Project */ = {isa = PBXFileReference; explicitFileType = "compiled.mach-o.executable"; includeInIndex = 0; path = "Network and Security Project"; sourceTree = BUILT_PRODUCTS_DIR; };
		D8CF3C951B0109430007F03C /* main.c */ = {isa = PBXFileReference; lastKnownFileType = sourcecode.c.c; path = main.c; sourceTree = "<group>"; };
/* End PBXFileReference section */

/* Begin PBXFrameworksBuildPhase section */
		D8CF3C8F1B0109430007F03C /* Frameworks */ = {
			isa = PBXFrameworksBuildPhase;
			buildActionMask = 2147483647;
			files = (
			);
			runOnlyForDeploymentPostprocessing = 0;
		};
/* End PBXFrameworksBuildPhase section */

/* Begin PBXGroup section */
		D8CF3C891B0109430007F03C = {
			isa = PBXGroup;
			children = (
				D8CF3C941B0109430007F03C /* Network and Security Project */,
				D8CF3C931B0109430007F03C /* Products */,
			);
			sourceTree = "<group>";
		};
		D8CF3C931B0109430007F03C /* Products */ = {
			isa = PBXGroup;
			children = (
				D8CF3C921B0109430007F03C /* Network and Security Project */,
			);
			name = Products;
			sourceTree = "<group>";
		};
		D8CF3C941B0109430007F03C /* Network and Security Project */ = {
			isa = PBXGroup;
			children = (
				D8CF3C9D1B0109540007F03C /* Bank Side */,
				D8CF3C9C1B01094C0007F03C /* Collecter Side */,
				D8CF3C951B0109430007F03C /* main.c */,
			);
			path = "Network and Security Project";
			sourceTree = "<group>";
		};
		D8CF3C9C1B01094C0007F03C /* Collecter Side */ = {
			isa = PBXGroup;
			children = (
			);
			name = "Collecter Side";
			sourceTree = "<group>";
		};
		D8CF3C9D1B0109540007F03C /* Bank Side */ = {
			isa = PBXGroup;
			children = (
			);
			name = "Bank Side";
			sourceTree = "<group>";
		};
/* End PBXGroup section */

/* Begin PBXNativeTarget section */
		D8CF3C911B0109430007F03C /* Network and Security Project */ = {
			isa = PBXNativeTarget;
			buildConfigurationList = D8CF3C991B0109430007F03C /* Build configuration list for PBXNativeTarget "Network and Security Project" */;
			buildPhases = (
				D8CF3C8E1B0109430007F03C /* Sources */,
				D8CF3C8F1B0109430007F03C /* Frameworks */,
				D8CF3C901B0109430007F03C /* CopyFiles */,
			);
			buildRules = (
			);
			dependencies = (
			);
			name = "Network and Security Project";
			productName = "Network and Security Project";
			productReference = D8CF3C921B0109430007F03C /* Network and Security Project */;
			productType = "com.apple.product-type.tool";
		};
/* End PBXNativeTarget section */

/* Begin PBXProject section */
		D8CF3C8A1B0109430007F03C /* Project object */ = {
			isa = PBXProject;
			attributes = {
				LastUpgradeCheck = 0630;
				ORGANIZATIONNAME = "Ricardo Shura";
				TargetAttributes = {
					D8CF3C911B0109430007F03C = {
						CreatedOnToolsVersion = 6.3.1;
					};
				};
			};
			buildConfigurationList = D8CF3C8D1B0109430007F03C /* Build configuration list for PBXProject "Network and Security Project" */;
			compatibilityVersion = "Xcode 3.2";
			developmentRegion = English;
			hasScannedForEncodings = 0;
			knownRegions = (
				en,
			);
			mainGroup = D8CF3C891B0109430007F03C;
			productRefGroup = D8CF3C931B0109430007F03C /* Products */;
			projectDirPath = "";
			projectRoot = "";
			targets = (
				D8CF3C911B0109430007F03C /* Network and Security Project */,
			);
		};
/* End PBXProject section */

/* Begin PBXSourcesBuildPhase section */
		D8CF3C8E1B0109430007F03C /* Sources */ = {
			isa = PBXSourcesBuildPhase;
			buildActionMask = 2147483647;
			files = (
				D8CF3C961B0109430007F03C /* main.c in Sources */,
			);
			runOnlyForDeploymentPostprocessing = 0;
		};
/* End PBXSourcesBuildPhase section */

/* Begin XCBuildConfiguration section */
		D8CF3C971B0109430007F03C /* Debug */ = {
			isa = XCBuildConfiguration;
			buildSettings = {
				ALWAYS_SEARCH_USER_PATHS = NO;
				CLANG_CXX_LANGUAGE_STANDARD = "gnu++0x";
				CLANG_CXX_LIBRARY = "libc++";
				CLANG_ENABLE_MODULES = YES;
				CLANG_ENABLE_OBJC_ARC = YES;
				CLANG_WARN_BOOL_CONVERSION = YES;
				CLANG_WARN_CONSTANT_CONVERSION = YES;
				CLANG_WARN_DIRECT_OBJC_ISA_USAGE = YES_ERROR;
				CLANG_WARN_EMPTY_BODY = YES;
				CLANG_WARN_ENUM_CONVERSION = YES;
				CLANG_WARN_INT_CONVERSION = YES;
				CLANG_WARN_OBJC_ROOT_CLASS = YES_ERROR;
				CLANG_WARN_UNREACHABLE_CODE = YES;
				CLANG_WARN__DUPLICATE_METHOD_MATCH = YES;
				COPY_PHASE_STRIP = NO;
				DEBUG_INFORMATION_FORMAT = dwarf;
				ENABLE_STRICT_OBJC_MSGSEND = YES;
				GCC_C_LANGUAGE_STANDARD = gnu99;
				GCC_DYNAMIC_NO_PIC = NO;
				GCC_NO_COMMON_BLOCKS = YES;
				GCC_OPTIMIZATION_LEVEL = 0;
				GCC_PREPROCESSOR_DEFINITIONS = (
					"DEBUG=1",
					"$(inherited)",
				);
				GCC_SYMBOLS_PRIVATE_EXTERN = NO;
				GCC_WARN_64_TO_32_BIT_CONVERSION = YES;
				GCC_WARN_ABOUT_RETURN_TYPE = YES_ERROR;
				GCC_WARN_UNDECLARED_SELECTOR = YES;
				GCC_WARN_UNINITIALIZED_AUTOS = YES_AGGRESSIVE;
				GCC_WARN_UNUSED_FUNCTION = YES;
				GCC_WARN_UNUSED_VARIABLE = YES;
				MACOSX_DEPLOYMENT_TARGET = 10.10;
				MTL_ENABLE_DEBUG_INFO = YES;
				ONLY_ACTIVE_ARCH = YES;
				SDKROOT = macosx;
			};
			name = Debug;
		};
		D8CF3C981B0109430007F03C /* Release */ = {
			isa = XCBuildConfiguration;
			buildSettings = {
				ALWAYS_SEARCH_USER_PATHS = NO;
				CLANG_CXX_LANGUAGE_STANDARD = "gnu++0x";
				CLANG_CXX_LIBRARY = "libc++";
				CLANG_ENABLE_MODULES = YES;
				CLANG_ENABLE_OBJC_ARC = YES;
				CLANG_WARN_BOOL_CONVERSION = YES;
				CLANG_WARN_CONSTANT_CONVERSION = YES;
				CLANG_WARN_DIRECT_OBJC_ISA_USAGE = YES_ERROR;
				CLANG_WARN_EMPTY_BODY = YES;
				CLANG_WARN_ENUM_CONVERSION = YES;
				CLANG_WARN_INT_CONVERSION = YES;
				CLANG_WARN_OBJC_ROOT_CLASS = YES_ERROR;
				CLANG_WARN_UNREACHABLE_CODE = YES;
				CLANG_WARN__DUPLICATE_METHOD_MATCH = YES;
				COPY_PHASE_STRIP = NO;
				DEBUG_INFORMATION_FORMAT = "dwarf-with-dsym";
				ENABLE_NS_ASSERTIONS = NO;
				ENABLE_STRICT_OBJC_MSGSEND = YES;
				GCC_C_LANGUAGE_STANDARD = gnu99;
				GCC_NO_COMMON_BLOCKS = YES;
				GCC_WARN_64_TO_32_BIT_CONVERSION = YES;
				GCC_WARN_ABOUT_RETURN_TYPE = YES_ERROR;
				GCC_WARN_UNDECLARED_SELECTOR = YES;
				GCC_WARN_UNINITIALIZED_AUTOS = YES_AGGRESSIVE;
				GCC_WARN_UNUSED_FUNCTION = YES;
				GCC_WARN_UNUSED_VARIABLE = YES;
				MACOSX_DEPLOYMENT_TARGET = 10.10;
				MTL_ENABLE_DEBUG_INFO = NO;
				SDKROOT = macosx;
			};
			name = Release;
		};
		D8CF3C9A1B0109430007F03C /* Debug */ = {
			isa = XCBuildConfiguration;
			buildSettings = {
				PRODUCT_NAME = "$(TARGET_NAME)";
			};
			name = Debug;
		};
		D8CF3C9B1B0109430007F03C /* Release */ = {
			isa = XCBuildConfiguration;
			buildSettings = {
				PRODUCT_NAME = "$(TARGET_NAME)";
			};
			name = Release;
		};
/* End XCBuildConfiguration section */

/* Begin XCConfigurationList section */
		D8CF3C8D1B0109430007F03C /* Build configuration list for PBXProject "Network and Security Project" */ = {
			isa = XCConfigurationList;
			buildConfigurations = (
				D8CF3C971B0109430007F03C /* Debug */,
				D8CF3C981B0109430007F03C /* Release */,
			);
			defaultConfigurationIsVisible = 0;
			defaultConfigurationName = Release;
		};
		D8CF3C991B0109430007F03C /* Build configuration list for PBXNativeTarget "Network and Security Project" */ = {
			isa = XCConfigurationList;
			buildConfigurations = (
				D8CF3C9A1B0109430007F03C /* Debug */,
				D8CF3C9B1B0109430007F03C /* Release */,
			);
			defaultConfigurationIsVisible = 0;
		};
/* End XCConfigurationList section */
	};
	rootObject = D8CF3C8A1B0109430007F03C /* Project object */;
}
